
Microsoft Visual Studio Solution File, Format Version 12.00
# Visual Studio 15
VisualStudioVersion = 15.0.27130.2027
MinimumVisualStudioVersion = 10.0.40219.1
Project("{9A19103F-16F7-4668-BE54-9A1E7A4F7556}") = "DC.Web.Ui", "ESFA.DC.Web.Ui\DC.Web.Ui.csproj", "{0DF15EE6-C79F-4166-AAD2-F77CBCFFC708}"
EndProject
Project("{9A19103F-16F7-4668-BE54-9A1E7A4F7556}") = "DC.Web.Ui.Services", "DC.Web.Ui.Services\DC.Web.Ui.Services.csproj", "{65FE714A-3F26-47C6-9025-6946A9CB2A81}"
EndProject
Project("{9A19103F-16F7-4668-BE54-9A1E7A4F7556}") = "DC.Web.Ui.Settings", "DC.Web.Ui.Settings\DC.Web.Ui.Settings.csproj", "{54544236-67E8-483E-BC4B-0158925CED76}"
EndProject
Project("{2150E333-8FDC-42A3-9474-1A3956D46DE8}") = "Tests", "Tests", "{3F79B509-9627-4AA9-823A-53810E1C616A}"
EndProject
Project("{9A19103F-16F7-4668-BE54-9A1E7A4F7556}") = "DC.Web.Ui.Tests", "DC.Web.Ui.Tests\DC.Web.Ui.Tests.csproj", "{199B6631-7B40-451F-8A79-055DFC32DF20}"
EndProject
Project("{9A19103F-16F7-4668-BE54-9A1E7A4F7556}") = "DC.Web.Ui.Services.Tests", "DC.Web.Ui.Services.Tests\DC.Web.Ui.Services.Tests.csproj", "{2CE02D63-694F-4A89-A979-C91D357E4210}"
EndProject
Project("{9A19103F-16F7-4668-BE54-9A1E7A4F7556}") = "DC.Web.Authorization", "DC.Web.Authorization\DC.Web.Authorization.csproj", "{299CD7CD-76A2-4D32-B475-38C38E65EAC3}"
EndProject
Project("{9A19103F-16F7-4668-BE54-9A1E7A4F7556}") = "DC.Web.Authorization.Data", "DC.Web.Authorization.Data\DC.Web.Authorization.Data.csproj", "{9DE5E375-E714-4312-B35E-3DC4BDA858A0}"
EndProject
Project("{9A19103F-16F7-4668-BE54-9A1E7A4F7556}") = "DC.Web.Authorization.Tests", "DC.Web.Authorization.Tests\DC.Web.Authorization.Tests.csproj", "{1EED1190-3C44-4268-8833-69EFFB925F0D}"
EndProject
Project("{9A19103F-16F7-4668-BE54-9A1E7A4F7556}") = "DC.Web.Authorization.Data.Tests", "DC.Web.Authorization.Data.Tests\DC.Web.Authorization.Data.Tests.csproj", "{CDC32DCA-7DD9-43B9-8847-B6F900EE4F41}"
EndProject
Project("{9A19103F-16F7-4668-BE54-9A1E7A4F7556}") = "ESFA.DC.Web.Ui.ViewModels", "ESFA.DC.Web.Ui.ViewModels\ESFA.DC.Web.Ui.ViewModels.csproj", "{BB834BC1-36B9-4C9C-BBD2-BB0B3B86A8E5}"
EndProject
Project("{2150E333-8FDC-42A3-9474-1A3956D46DE8}") = "AcceptanceTests", "AcceptanceTests", "{43CC1591-A459-477B-B635-4FD37F4E9B28}"
EndProject
Project("{FAE04EC0-301F-11D3-BF4B-00C04F79EFBC}") = "DC.Web.Ui.AcceptanceTests", "DC.Web.Ui.AcceptanceTests\DC.Web.Ui.AcceptanceTests.csproj", "{E60B23B7-C9B0-4301-8831-A23332567837}"
EndProject
Global
	GlobalSection(SolutionConfigurationPlatforms) = preSolution
		Debug|Any CPU = Debug|Any CPU
		Release|Any CPU = Release|Any CPU
	EndGlobalSection
	GlobalSection(ProjectConfigurationPlatforms) = postSolution
		{0DF15EE6-C79F-4166-AAD2-F77CBCFFC708}.Debug|Any CPU.ActiveCfg = Debug|Any CPU
		{0DF15EE6-C79F-4166-AAD2-F77CBCFFC708}.Debug|Any CPU.Build.0 = Debug|Any CPU
		{0DF15EE6-C79F-4166-AAD2-F77CBCFFC708}.Release|Any CPU.ActiveCfg = Release|Any CPU
		{0DF15EE6-C79F-4166-AAD2-F77CBCFFC708}.Release|Any CPU.Build.0 = Release|Any CPU
		{65FE714A-3F26-47C6-9025-6946A9CB2A81}.Debug|Any CPU.ActiveCfg = Debug|Any CPU
		{65FE714A-3F26-47C6-9025-6946A9CB2A81}.Debug|Any CPU.Build.0 = Debug|Any CPU
		{65FE714A-3F26-47C6-9025-6946A9CB2A81}.Release|Any CPU.ActiveCfg = Release|Any CPU
		{65FE714A-3F26-47C6-9025-6946A9CB2A81}.Release|Any CPU.Build.0 = Release|Any CPU
		{54544236-67E8-483E-BC4B-0158925CED76}.Debug|Any CPU.ActiveCfg = Debug|Any CPU
		{54544236-67E8-483E-BC4B-0158925CED76}.Debug|Any CPU.Build.0 = Debug|Any CPU
		{54544236-67E8-483E-BC4B-0158925CED76}.Release|Any CPU.ActiveCfg = Release|Any CPU
		{54544236-67E8-483E-BC4B-0158925CED76}.Release|Any CPU.Build.0 = Release|Any CPU
		{199B6631-7B40-451F-8A79-055DFC32DF20}.Debug|Any CPU.ActiveCfg = Debug|Any CPU
		{199B6631-7B40-451F-8A79-055DFC32DF20}.Debug|Any CPU.Build.0 = Debug|Any CPU
		{199B6631-7B40-451F-8A79-055DFC32DF20}.Release|Any CPU.ActiveCfg = Release|Any CPU
		{199B6631-7B40-451F-8A79-055DFC32DF20}.Release|Any CPU.Build.0 = Release|Any CPU
		{2CE02D63-694F-4A89-A979-C91D357E4210}.Debug|Any CPU.ActiveCfg = Debug|Any CPU
		{2CE02D63-694F-4A89-A979-C91D357E4210}.Debug|Any CPU.Build.0 = Debug|Any CPU
		{2CE02D63-694F-4A89-A979-C91D357E4210}.Release|Any CPU.ActiveCfg = Release|Any CPU
		{2CE02D63-694F-4A89-A979-C91D357E4210}.Release|Any CPU.Build.0 = Release|Any CPU
		{299CD7CD-76A2-4D32-B475-38C38E65EAC3}.Debug|Any CPU.ActiveCfg = Debug|Any CPU
		{299CD7CD-76A2-4D32-B475-38C38E65EAC3}.Debug|Any CPU.Build.0 = Debug|Any CPU
		{299CD7CD-76A2-4D32-B475-38C38E65EAC3}.Release|Any CPU.ActiveCfg = Release|Any CPU
		{299CD7CD-76A2-4D32-B475-38C38E65EAC3}.Release|Any CPU.Build.0 = Release|Any CPU
		{9DE5E375-E714-4312-B35E-3DC4BDA858A0}.Debug|Any CPU.ActiveCfg = Debug|Any CPU
		{9DE5E375-E714-4312-B35E-3DC4BDA858A0}.Debug|Any CPU.Build.0 = Debug|Any CPU
		{9DE5E375-E714-4312-B35E-3DC4BDA858A0}.Release|Any CPU.ActiveCfg = Release|Any CPU
		{9DE5E375-E714-4312-B35E-3DC4BDA858A0}.Release|Any CPU.Build.0 = Release|Any CPU
		{1EED1190-3C44-4268-8833-69EFFB925F0D}.Debug|Any CPU.ActiveCfg = Debug|Any CPU
		{1EED1190-3C44-4268-8833-69EFFB925F0D}.Debug|Any CPU.Build.0 = Debug|Any CPU
		{1EED1190-3C44-4268-8833-69EFFB925F0D}.Release|Any CPU.ActiveCfg = Release|Any CPU
		{1EED1190-3C44-4268-8833-69EFFB925F0D}.Release|Any CPU.Build.0 = Release|Any CPU
		{CDC32DCA-7DD9-43B9-8847-B6F900EE4F41}.Debug|Any CPU.ActiveCfg = Debug|Any CPU
		{CDC32DCA-7DD9-43B9-8847-B6F900EE4F41}.Debug|Any CPU.Build.0 = Debug|Any CPU
		{CDC32DCA-7DD9-43B9-8847-B6F900EE4F41}.Release|Any CPU.ActiveCfg = Release|Any CPU
		{CDC32DCA-7DD9-43B9-8847-B6F900EE4F41}.Release|Any CPU.Build.0 = Release|Any CPU
		{BB834BC1-36B9-4C9C-BBD2-BB0B3B86A8E5}.Debug|Any CPU.ActiveCfg = Debug|Any CPU
		{BB834BC1-36B9-4C9C-BBD2-BB0B3B86A8E5}.Debug|Any CPU.Build.0 = Debug|Any CPU
		{BB834BC1-36B9-4C9C-BBD2-BB0B3B86A8E5}.Release|Any CPU.ActiveCfg = Release|Any CPU
		{BB834BC1-36B9-4C9C-BBD2-BB0B3B86A8E5}.Release|Any CPU.Build.0 = Release|Any CPU
		{E60B23B7-C9B0-4301-8831-A23332567837}.Debug|Any CPU.ActiveCfg = Debug|Any CPU
		{E60B23B7-C9B0-4301-8831-A23332567837}.Debug|Any CPU.Build.0 = Debug|Any CPU
		{E60B23B7-C9B0-4301-8831-A23332567837}.Release|Any CPU.ActiveCfg = Release|Any CPU
		{E60B23B7-C9B0-4301-8831-A23332567837}.Release|Any CPU.Build.0 = Release|Any CPU
	EndGlobalSection
	GlobalSection(SolutionProperties) = preSolution
		HideSolutionNode = FALSE
	EndGlobalSection
	GlobalSection(NestedProjects) = preSolution
		{199B6631-7B40-451F-8A79-055DFC32DF20} = {3F79B509-9627-4AA9-823A-53810E1C616A}
		{2CE02D63-694F-4A89-A979-C91D357E4210} = {3F79B509-9627-4AA9-823A-53810E1C616A}
		{1EED1190-3C44-4268-8833-69EFFB925F0D} = {3F79B509-9627-4AA9-823A-53810E1C616A}
		{CDC32DCA-7DD9-43B9-8847-B6F900EE4F41} = {3F79B509-9627-4AA9-823A-53810E1C616A}
		{E60B23B7-C9B0-4301-8831-A23332567837} = {43CC1591-A459-477B-B635-4FD37F4E9B28}
	EndGlobalSection
	GlobalSection(ExtensibilityGlobals) = postSolution
		SolutionGuid = {6E224BC0-6DEA-4892-9583-6CD5C07A0849}
	EndGlobalSection
EndGlobal
